
Microsoft Visual Studio Solution File, Format Version 12.00
# Visual Studio Version 16
VisualStudioVersion = 16.0.30503.244
MinimumVisualStudioVersion = 10.0.40219.1
Project("{FAE04EC0-301F-11D3-BF4B-00C04F79EFBC}") = "EmployeePerfomanceEvaluationSystem", "EmployeePerfomanceEvaluationSystem\EmployeePerfomanceEvaluationSystem.csproj", "{F346B4B8-4C5F-4565-B167-DE7B484B236B}"
EndProject
Global
	GlobalSection(SolutionConfigurationPlatforms) = preSolution
		Debug|Any CPU = Debug|Any CPU
		Release|Any CPU = Release|Any CPU
	EndGlobalSection
	GlobalSection(ProjectConfigurationPlatforms) = postSolution
		{F346B4B8-4C5F-4565-B167-DE7B484B236B}.Debug|Any CPU.ActiveCfg = Debug|Any CPU
		{F346B4B8-4C5F-4565-B167-DE7B484B236B}.Debug|Any CPU.Build.0 = Debug|Any CPU
		{F346B4B8-4C5F-4565-B167-DE7B484B236B}.Release|Any CPU.ActiveCfg = Release|Any CPU
		{F346B4B8-4C5F-4565-B167-DE7B484B236B}.Release|Any CPU.Build.0 = Release|Any CPU
	EndGlobalSection
	GlobalSection(SolutionProperties) = preSolution
		HideSolutionNode = FALSE
	EndGlobalSection
	GlobalSection(ExtensibilityGlobals) = postSolution
		SolutionGuid = {F6F8A0E4-6CDE-4550-8266-4D18974D5418}
	EndGlobalSection
EndGlobal
